
Microsoft Visual Studio Solution File, Format Version 12.00
Project("{FAE04EC0-301F-11D3-BF4B-00C04F79EFBC}") = "ALC", "ALC\ALC.csproj", "{5642C9A0-8981-443A-9A7D-62B9E61CD1E6}"
EndProject
Project("{FAE04EC0-301F-11D3-BF4B-00C04F79EFBC}") = "PLCCommunication.Core", "PLCCommunication.Core\PLCCommunication.Core.csproj", "{FE922DF9-E533-4310-AEE4-6BDAF738AEE1}"
EndProject
Project("{FAE04EC0-301F-11D3-BF4B-00C04F79EFBC}") = "WPFCommon", "WPFCommon\WPFCommon.csproj", "{7D6BE37F-D81B-4A5E-A1A0-A8D4381F0536}"
EndProject
Project("{FAE04EC0-301F-11D3-BF4B-00C04F79EFBC}") = "MeasurementCommon", "MeasurementCommon\MeasurementCommon.csproj", "{8DBACFDF-628F-4FA5-96C5-0110D37BA966}"
EndProject
Project("{FAE04EC0-301F-11D3-BF4B-00C04F79EFBC}") = "ALC.Core", "ALC.Core\ALC.Core.csproj", "{DDC28AD3-218E-4E66-A4ED-F91173D3FCC8}"
EndProject
Project("{FAE04EC0-301F-11D3-BF4B-00C04F79EFBC}") = "Precitec", "Precitec\Precitec.csproj", "{5850F791-A69F-41E5-A0EA-D40F4040AA4A}"
EndProject
Global
	GlobalSection(SolutionConfigurationPlatforms) = preSolution
		Debug|Any CPU = Debug|Any CPU
		Release|Any CPU = Release|Any CPU
	EndGlobalSection
	GlobalSection(ProjectConfigurationPlatforms) = postSolution
		{5642C9A0-8981-443A-9A7D-62B9E61CD1E6}.Debug|Any CPU.ActiveCfg = Debug|Any CPU
		{5642C9A0-8981-443A-9A7D-62B9E61CD1E6}.Debug|Any CPU.Build.0 = Debug|Any CPU
		{5642C9A0-8981-443A-9A7D-62B9E61CD1E6}.Release|Any CPU.ActiveCfg = Release|Any CPU
		{5642C9A0-8981-443A-9A7D-62B9E61CD1E6}.Release|Any CPU.Build.0 = Release|Any CPU
		{FE922DF9-E533-4310-AEE4-6BDAF738AEE1}.Debug|Any CPU.ActiveCfg = Debug|Any CPU
		{FE922DF9-E533-4310-AEE4-6BDAF738AEE1}.Debug|Any CPU.Build.0 = Debug|Any CPU
		{FE922DF9-E533-4310-AEE4-6BDAF738AEE1}.Release|Any CPU.ActiveCfg = Release|Any CPU
		{FE922DF9-E533-4310-AEE4-6BDAF738AEE1}.Release|Any CPU.Build.0 = Release|Any CPU
		{7D6BE37F-D81B-4A5E-A1A0-A8D4381F0536}.Debug|Any CPU.ActiveCfg = Debug|Any CPU
		{7D6BE37F-D81B-4A5E-A1A0-A8D4381F0536}.Debug|Any CPU.Build.0 = Debug|Any CPU
		{7D6BE37F-D81B-4A5E-A1A0-A8D4381F0536}.Release|Any CPU.ActiveCfg = Release|Any CPU
		{7D6BE37F-D81B-4A5E-A1A0-A8D4381F0536}.Release|Any CPU.Build.0 = Release|Any CPU
		{8DBACFDF-628F-4FA5-96C5-0110D37BA966}.Debug|Any CPU.ActiveCfg = Debug|Any CPU
		{8DBACFDF-628F-4FA5-96C5-0110D37BA966}.Debug|Any CPU.Build.0 = Debug|Any CPU
		{8DBACFDF-628F-4FA5-96C5-0110D37BA966}.Release|Any CPU.ActiveCfg = Release|Any CPU
		{8DBACFDF-628F-4FA5-96C5-0110D37BA966}.Release|Any CPU.Build.0 = Release|Any CPU
		{DDC28AD3-218E-4E66-A4ED-F91173D3FCC8}.Debug|Any CPU.ActiveCfg = Debug|Any CPU
		{DDC28AD3-218E-4E66-A4ED-F91173D3FCC8}.Debug|Any CPU.Build.0 = Debug|Any CPU
		{DDC28AD3-218E-4E66-A4ED-F91173D3FCC8}.Release|Any CPU.ActiveCfg = Release|Any CPU
		{DDC28AD3-218E-4E66-A4ED-F91173D3FCC8}.Release|Any CPU.Build.0 = Release|Any CPU
		{5850F791-A69F-41E5-A0EA-D40F4040AA4A}.Debug|Any CPU.ActiveCfg = Debug|Any CPU
		{5850F791-A69F-41E5-A0EA-D40F4040AA4A}.Debug|Any CPU.Build.0 = Debug|Any CPU
		{5850F791-A69F-41E5-A0EA-D40F4040AA4A}.Release|Any CPU.ActiveCfg = Release|Any CPU
		{5850F791-A69F-41E5-A0EA-D40F4040AA4A}.Release|Any CPU.Build.0 = Release|Any CPU
	EndGlobalSection
EndGlobal
